{
    "name": "sp-privacy",
    "version": "1.0.0",
    "lockfileVersion": 1,
    "requires": true,
    "dependencies": {
        "@types/firefox-webext-browser": {
            "version": "82.0.0",
            "resolved": "https://registry.npmjs.org/@types/firefox-webext-browser/-/firefox-webext-browser-82.0.0.tgz",
            "integrity": "sha512-zKHePkjMx42KIUUZCPcUiyu1tpfQXH9VR4iDYfns3HvmKVJzt/TAFT+DFVroos8BI9RH78YgF3Hi/wlC6R6cKA==",
            "dev": true
        },
        "@types/node": {
            "version": "14.14.31",
            "resolved": "https://registry.npmjs.org/@types/node/-/node-14.14.31.tgz",
            "integrity": "sha512-vFHy/ezP5qI0rFgJ7aQnjDXwAMrG0KqqIH7tQG5PPv3BWBayOPIQNBjVc/P6hhdZfMx51REc6tfDNXHUio893g==",
            "dev": true
        },
        "fs": {
            "version": "0.0.1-security",
            "resolved": "https://registry.npmjs.org/fs/-/fs-0.0.1-security.tgz",
            "integrity": "sha1-invTcYa23d84E/I4WLV+yq9eQdQ=",
            "dev": true
        },
        "typescript": {
            "version": "4.1.5",
            "resolved": "https://registry.npmjs.org/typescript/-/typescript-4.1.5.tgz",
            "integrity": "sha512-6OSu9PTIzmn9TCDiovULTnET6BgXtDYL4Gg4szY+cGsc3JP1dQL8qvE8kShTRx1NIw4Q9IBHlwODjkjWEtMUyA==",
            "dev": true
        }
    }
}
