{
    "name": "sp-privacy",
    "version": "0.0.14",
    "lockfileVersion": 1,
    "requires": true,
    "dependencies": {
        "@types/firefox-webext-browser": {
            "version": "82.0.0",
            "resolved": "https://system1.jfrog.io/system1/api/npm/npm-virtual/@types/firefox-webext-browser/-/firefox-webext-browser-82.0.0.tgz",
            "integrity": "sha1-TQ9c/r1zIdLL8Mz7YDJXDwE4uVg=",
            "dev": true
        },
        "@types/node": {
            "version": "14.14.31",
            "resolved": "https://registry.npmjs.org/@types/node/-/node-14.14.31.tgz",
            "integrity": "sha512-vFHy/ezP5qI0rFgJ7aQnjDXwAMrG0KqqIH7tQG5PPv3BWBayOPIQNBjVc/P6hhdZfMx51REc6tfDNXHUio893g==",
            "dev": true
        },
        "ansi-regex": {
            "version": "5.0.0",
            "resolved": "https://system1.jfrog.io/system1/api/npm/npm-virtual/ansi-regex/-/ansi-regex-5.0.0.tgz",
            "integrity": "sha1-OIU59VF5vzkznIGvMKZU1p+Hy3U=",
            "dev": true
        },
        "ansi-styles": {
            "version": "4.3.0",
            "resolved": "https://system1.jfrog.io/system1/api/npm/npm-virtual/ansi-styles/-/ansi-styles-4.3.0.tgz",
            "integrity": "sha1-7dgDYornHATIWuegkG7a00tkiTc=",
            "dev": true,
            "requires": {
                "color-convert": "^2.0.1"
            }
        },
        "balanced-match": {
            "version": "1.0.0",
            "resolved": "https://system1.jfrog.io/system1/api/npm/npm-virtual/balanced-match/-/balanced-match-1.0.0.tgz",
            "integrity": "sha1-ibTRmasr7kneFk6gK4nORi1xt2c=",
            "dev": true
        },
        "brace-expansion": {
            "version": "1.1.11",
            "resolved": "https://system1.jfrog.io/system1/api/npm/npm-virtual/brace-expansion/-/brace-expansion-1.1.11.tgz",
            "integrity": "sha1-PH/L9SnYcibz0vUrlm/1Jx60Qd0=",
            "dev": true,
            "requires": {
                "balanced-match": "^1.0.0",
                "concat-map": "0.0.1"
            }
        },
        "cliui": {
            "version": "7.0.4",
            "resolved": "https://system1.jfrog.io/system1/api/npm/npm-virtual/cliui/-/cliui-7.0.4.tgz",
            "integrity": "sha1-oCZe5lVHb8gHrqnfPfjfd4OAi08=",
            "dev": true,
            "requires": {
                "string-width": "^4.2.0",
                "strip-ansi": "^6.0.0",
                "wrap-ansi": "^7.0.0"
            }
        },
        "color-convert": {
            "version": "2.0.1",
            "resolved": "https://system1.jfrog.io/system1/api/npm/npm-virtual/color-convert/-/color-convert-2.0.1.tgz",
            "integrity": "sha1-ctOmjVmMm9s68q0ehPIdiWq9TeM=",
            "dev": true,
            "requires": {
                "color-name": "~1.1.4"
            }
        },
        "color-name": {
            "version": "1.1.4",
            "resolved": "https://system1.jfrog.io/system1/api/npm/npm-virtual/color-name/-/color-name-1.1.4.tgz",
            "integrity": "sha1-wqCah6y95pVD3m9j+jmVyCbFNqI=",
            "dev": true
        },
        "concat-map": {
            "version": "0.0.1",
            "resolved": "https://system1.jfrog.io/system1/api/npm/npm-virtual/concat-map/-/concat-map-0.0.1.tgz",
            "integrity": "sha1-2Klr13/Wjfd5OnMDajug1UBdR3s=",
            "dev": true
        },
        "copyfiles": {
            "version": "2.4.1",
            "resolved": "https://system1.jfrog.io/system1/api/npm/npm-virtual/copyfiles/-/copyfiles-2.4.1.tgz",
            "integrity": "sha1-0tz/YKqtEBXwnQtm5/Dxxc08XaU=",
            "dev": true,
            "requires": {
                "glob": "^7.0.5",
                "minimatch": "^3.0.3",
                "mkdirp": "^1.0.4",
                "noms": "0.0.0",
                "through2": "^2.0.1",
                "untildify": "^4.0.0",
                "yargs": "^16.1.0"
            }
        },
        "core-util-is": {
            "version": "1.0.2",
            "resolved": "https://system1.jfrog.io/system1/api/npm/npm-virtual/core-util-is/-/core-util-is-1.0.2.tgz",
            "integrity": "sha1-tf1UIgqivFq1eqtxQMlAdUUDwac=",
            "dev": true
        },
        "escalade": {
            "version": "3.1.1",
            "resolved": "https://system1.jfrog.io/system1/api/npm/npm-virtual/escalade/-/escalade-3.1.1.tgz",
            "integrity": "sha1-2M/ccACWXFoBdLSoLqpcBVJ0LkA=",
            "dev": true
        },
        "fs": {
            "version": "0.0.1-security",
            "resolved": "https://registry.npmjs.org/fs/-/fs-0.0.1-security.tgz",
            "integrity": "sha1-invTcYa23d84E/I4WLV+yq9eQdQ=",
            "dev": true
        },
        "fs.realpath": {
            "version": "1.0.0",
            "resolved": "https://system1.jfrog.io/system1/api/npm/npm-virtual/fs.realpath/-/fs.realpath-1.0.0.tgz",
            "integrity": "sha1-FQStJSMVjKpA20onh8sBQRmU6k8=",
            "dev": true
        },
        "get-caller-file": {
            "version": "2.0.5",
            "resolved": "https://system1.jfrog.io/system1/api/npm/npm-virtual/get-caller-file/-/get-caller-file-2.0.5.tgz",
            "integrity": "sha1-T5RBKoLbMvNuOwuXQfipf+sDH34=",
            "dev": true
        },
        "glob": {
            "version": "7.1.6",
            "resolved": "https://system1.jfrog.io/system1/api/npm/npm-virtual/glob/-/glob-7.1.6.tgz",
            "integrity": "sha1-FB8zuBp8JJLhJVlDB0gMRmeSeKY=",
            "dev": true,
            "requires": {
                "fs.realpath": "^1.0.0",
                "inflight": "^1.0.4",
                "inherits": "2",
                "minimatch": "^3.0.4",
                "once": "^1.3.0",
                "path-is-absolute": "^1.0.0"
            }
        },
        "inflight": {
            "version": "1.0.6",
            "resolved": "https://system1.jfrog.io/system1/api/npm/npm-virtual/inflight/-/inflight-1.0.6.tgz",
            "integrity": "sha1-Sb1jMdfQLQwJvJEKEHW6gWW1bfk=",
            "dev": true,
            "requires": {
                "once": "^1.3.0",
                "wrappy": "1"
            }
        },
        "inherits": {
            "version": "2.0.4",
            "resolved": "https://system1.jfrog.io/system1/api/npm/npm-virtual/inherits/-/inherits-2.0.4.tgz",
            "integrity": "sha1-D6LGT5MpF8NDOg3tVTY6rjdBa3w=",
            "dev": true
        },
        "is-fullwidth-code-point": {
            "version": "3.0.0",
            "resolved": "https://system1.jfrog.io/system1/api/npm/npm-virtual/is-fullwidth-code-point/-/is-fullwidth-code-point-3.0.0.tgz",
            "integrity": "sha1-8Rb4Bk/pCz94RKOJl8C3UFEmnx0=",
            "dev": true
        },
        "isarray": {
            "version": "0.0.1",
            "resolved": "https://system1.jfrog.io/system1/api/npm/npm-virtual/isarray/-/isarray-0.0.1.tgz",
            "integrity": "sha1-ihis/Kmo9Bd+Cav8YDiTmwXR7t8=",
            "dev": true
        },
        "minimatch": {
            "version": "3.0.4",
            "resolved": "https://system1.jfrog.io/system1/api/npm/npm-virtual/minimatch/-/minimatch-3.0.4.tgz",
            "integrity": "sha1-UWbihkV/AzBgZL5Ul+jbsMPTIIM=",
            "dev": true,
            "requires": {
                "brace-expansion": "^1.1.7"
            }
        },
        "mkdirp": {
            "version": "1.0.4",
            "resolved": "https://system1.jfrog.io/system1/api/npm/npm-virtual/mkdirp/-/mkdirp-1.0.4.tgz",
            "integrity": "sha1-PrXtYmInVteaXw4qIh3+utdcL34=",
            "dev": true
        },
        "noms": {
            "version": "0.0.0",
            "resolved": "https://system1.jfrog.io/system1/api/npm/npm-virtual/noms/-/noms-0.0.0.tgz",
            "integrity": "sha1-2o69nzr51nYJGbJ9nNyAkqczKFk=",
            "dev": true,
            "requires": {
                "inherits": "^2.0.1",
                "readable-stream": "~1.0.31"
            }
        },
        "once": {
            "version": "1.4.0",
            "resolved": "https://system1.jfrog.io/system1/api/npm/npm-virtual/once/-/once-1.4.0.tgz",
            "integrity": "sha1-WDsap3WWHUsROsF9nFC6753Xa9E=",
            "dev": true,
            "requires": {
                "wrappy": "1"
            }
        },
        "path-is-absolute": {
            "version": "1.0.1",
            "resolved": "https://system1.jfrog.io/system1/api/npm/npm-virtual/path-is-absolute/-/path-is-absolute-1.0.1.tgz",
            "integrity": "sha1-F0uSaHNVNP+8es5r9TpanhtcX18=",
            "dev": true
        },
        "prettier": {
            "version": "2.2.1",
            "resolved": "https://system1.jfrog.io/system1/api/npm/npm-virtual/prettier/-/prettier-2.2.1.tgz",
            "integrity": "sha1-eVoaeN1S8HPaDNQrIfnJE4GSP/U=",
            "dev": true
        },
        "process-nextick-args": {
            "version": "2.0.1",
            "resolved": "https://system1.jfrog.io/system1/api/npm/npm-virtual/process-nextick-args/-/process-nextick-args-2.0.1.tgz",
            "integrity": "sha1-eCDZsWEgzFXKmud5JoCufbptf+I=",
            "dev": true
        },
        "readable-stream": {
            "version": "1.0.34",
            "resolved": "https://system1.jfrog.io/system1/api/npm/npm-virtual/readable-stream/-/readable-stream-1.0.34.tgz",
            "integrity": "sha1-Elgg40vIQtLyqq+v5MKRbuMsFXw=",
            "dev": true,
            "requires": {
                "core-util-is": "~1.0.0",
                "inherits": "~2.0.1",
                "isarray": "0.0.1",
                "string_decoder": "~0.10.x"
            }
        },
        "require-directory": {
            "version": "2.1.1",
            "resolved": "https://system1.jfrog.io/system1/api/npm/npm-virtual/require-directory/-/require-directory-2.1.1.tgz",
            "integrity": "sha1-jGStX9MNqxyXbiNE/+f3kqam30I=",
            "dev": true
        },
        "safe-buffer": {
            "version": "5.1.2",
            "resolved": "https://system1.jfrog.io/system1/api/npm/npm-virtual/safe-buffer/-/safe-buffer-5.1.2.tgz",
            "integrity": "sha1-mR7GnSluAxN0fVm9/St0XDX4go0=",
            "dev": true
        },
        "string-width": {
            "version": "4.2.0",
            "resolved": "https://system1.jfrog.io/system1/api/npm/npm-virtual/string-width/-/string-width-4.2.0.tgz",
            "integrity": "sha1-lSGCxGzHssMT0VluYjmSvRY7crU=",
            "dev": true,
            "requires": {
                "emoji-regex": "^8.0.0",
                "is-fullwidth-code-point": "^3.0.0",
                "strip-ansi": "^6.0.0"
            },
            "dependencies": {
                "emoji-regex": {
                    "version": "8.0.0",
                    "resolved": "https://system1.jfrog.io/system1/api/npm/npm-virtual/emoji-regex/-/emoji-regex-8.0.0.tgz",
                    "integrity": "sha1-6Bj9ac5cz8tARZT4QpY79TFkzDc=",
                    "dev": true
                }
            }
        },
        "string_decoder": {
            "version": "0.10.31",
            "resolved": "https://system1.jfrog.io/system1/api/npm/npm-virtual/string_decoder/-/string_decoder-0.10.31.tgz",
            "integrity": "sha1-YuIDvEF2bGwoyfyEMB2rHFMQ+pQ=",
            "dev": true
        },
        "strip-ansi": {
            "version": "6.0.0",
            "resolved": "https://system1.jfrog.io/system1/api/npm/npm-virtual/strip-ansi/-/strip-ansi-6.0.0.tgz",
            "integrity": "sha1-CxVx3XZpzNTz4G4U7x7tJiJa5TI=",
            "dev": true,
            "requires": {
                "ansi-regex": "^5.0.0"
            }
        },
        "through2": {
            "version": "2.0.5",
            "resolved": "https://system1.jfrog.io/system1/api/npm/npm-virtual/through2/-/through2-2.0.5.tgz",
            "integrity": "sha1-AcHjnrMdB8t9A6lqcIIyYLIxMs0=",
            "dev": true,
            "requires": {
                "readable-stream": "~2.3.6",
                "xtend": "~4.0.1"
            },
            "dependencies": {
                "isarray": {
                    "version": "1.0.0",
                    "resolved": "https://system1.jfrog.io/system1/api/npm/npm-virtual/isarray/-/isarray-1.0.0.tgz",
                    "integrity": "sha1-u5NdSFgsuhaMBoNJV6VKPgcSTxE=",
                    "dev": true
                },
                "readable-stream": {
                    "version": "2.3.7",
                    "resolved": "https://system1.jfrog.io/system1/api/npm/npm-virtual/readable-stream/-/readable-stream-2.3.7.tgz",
                    "integrity": "sha1-Hsoc9xGu+BTAT2IlKjamL2yyO1c=",
                    "dev": true,
                    "requires": {
                        "core-util-is": "~1.0.0",
                        "inherits": "~2.0.3",
                        "isarray": "~1.0.0",
                        "process-nextick-args": "~2.0.0",
                        "safe-buffer": "~5.1.1",
                        "string_decoder": "~1.1.1",
                        "util-deprecate": "~1.0.1"
                    }
                },
                "string_decoder": {
                    "version": "1.1.1",
                    "resolved": "https://system1.jfrog.io/system1/api/npm/npm-virtual/string_decoder/-/string_decoder-1.1.1.tgz",
                    "integrity": "sha1-nPFhG6YmhdcDCunkujQUnDrwP8g=",
                    "dev": true,
                    "requires": {
                        "safe-buffer": "~5.1.0"
                    }
                }
            }
        },
        "typescript": {
            "version": "4.1.5",
            "resolved": "https://registry.npmjs.org/typescript/-/typescript-4.1.5.tgz",
            "integrity": "sha512-6OSu9PTIzmn9TCDiovULTnET6BgXtDYL4Gg4szY+cGsc3JP1dQL8qvE8kShTRx1NIw4Q9IBHlwODjkjWEtMUyA==",
            "dev": true
        },
        "untildify": {
            "version": "4.0.0",
            "resolved": "https://system1.jfrog.io/system1/api/npm/npm-virtual/untildify/-/untildify-4.0.0.tgz",
            "integrity": "sha1-K8lHuVNlJIfkYAlJ+wkeOujNkZs=",
            "dev": true
        },
        "util-deprecate": {
            "version": "1.0.2",
            "resolved": "https://system1.jfrog.io/system1/api/npm/npm-virtual/util-deprecate/-/util-deprecate-1.0.2.tgz",
            "integrity": "sha1-RQ1Nyfpw3nMnYvvS1KKJgUGaDM8=",
            "dev": true
        },
        "webextension-polyfill": {
            "version": "0.7.0",
            "resolved": "https://system1.jfrog.io/system1/api/npm/npm-virtual/webextension-polyfill/-/webextension-polyfill-0.7.0.tgz",
            "integrity": "sha1-DfESD/AmYFYxnOGmIrCa2NSlZQU=",
            "dev": true
        },
        "wrap-ansi": {
            "version": "7.0.0",
            "resolved": "https://system1.jfrog.io/system1/api/npm/npm-virtual/wrap-ansi/-/wrap-ansi-7.0.0.tgz",
            "integrity": "sha1-Z+FFz/UQpqaYS98RUpEdadLrnkM=",
            "dev": true,
            "requires": {
                "ansi-styles": "^4.0.0",
                "string-width": "^4.1.0",
                "strip-ansi": "^6.0.0"
            }
        },
        "wrappy": {
            "version": "1.0.2",
            "resolved": "https://system1.jfrog.io/system1/api/npm/npm-virtual/wrappy/-/wrappy-1.0.2.tgz",
            "integrity": "sha1-tSQ9jz7BqjXxNkYFvA0QNuMKtp8=",
            "dev": true
        },
        "xtend": {
            "version": "4.0.2",
            "resolved": "https://system1.jfrog.io/system1/api/npm/npm-virtual/xtend/-/xtend-4.0.2.tgz",
            "integrity": "sha1-u3J3n1+kZRhrH0OPZ0+jR/2121Q=",
            "dev": true
        },
        "y18n": {
            "version": "5.0.5",
            "resolved": "https://system1.jfrog.io/system1/api/npm/npm-virtual/y18n/-/y18n-5.0.5.tgz",
            "integrity": "sha1-h2nsCNA7HqLfJQCs71YXQ7u5qxg=",
            "dev": true
        },
        "yargs": {
            "version": "16.2.0",
            "resolved": "https://system1.jfrog.io/system1/api/npm/npm-virtual/yargs/-/yargs-16.2.0.tgz",
            "integrity": "sha1-HIK/D2tqZur85+8w43b0mhJHf2Y=",
            "dev": true,
            "requires": {
                "cliui": "^7.0.2",
                "escalade": "^3.1.1",
                "get-caller-file": "^2.0.5",
                "require-directory": "^2.1.1",
                "string-width": "^4.2.0",
                "y18n": "^5.0.5",
                "yargs-parser": "^20.2.2"
            }
        },
        "yargs-parser": {
            "version": "20.2.6",
            "resolved": "https://system1.jfrog.io/system1/api/npm/npm-virtual/yargs-parser/-/yargs-parser-20.2.6.tgz",
            "integrity": "sha1-afkgrd9hqvwLi4kAL11m4o8tiyA=",
            "dev": true
        }
    }
}
